github.com/cespare/xxhash/v2 v2.1.2 h1:YRXhKfTDauu4ajMg1TPgFO5jnlC2HCbmLXMcTG5cbYE=
github.com/cespare/xxhash/v2 v2.1.2/go.mod h1:VGX0DQ3Q6kWi7AoAeZDth3/j3BFtOZR5XLFGgcrjCOs=
github.com/cespare/xxhash/v2 v2.3.0 h1:UL815xU9SqsFlibzuggzjXhog7bL6oX9BbNZnL2UFvs=
github.com/cespare/xxhash/v2 v2.3.0/go.mod h1:VGX0DQ3Q6kWi7AoAeZDth3/j3BFtOZR5XLFGgcrjCOs=
github.com/dgryski/go-rendezvous v0.0.0-20200823014737-9f7001d12a5f h1:lO4WD4F/rVNCu3HqELle0jiPLLBs70cWOduZpkS1E78=
github.com/dgryski/go-rendezvous v0.0.0-20200823014737-9f7001d12a5f/go.mod h1:cuUVRXasLTGF7a8hSLbxyZXjz+1KgoB3wDUb6vlszIc=
github.com/fsnotify/fsnotify v1.4.9 h1:hsms1Qyu0jgnwNXIxa+/V/PDsU6CfLf6CNO8H7IWoS4=
github.com/go-redis/redis/v8 v8.11.5 h1:AcZZR7igkdvfVmQTPnu9WE37LRrO/YrBH5zWyjDC0oI=
github.com/go-redis/redis/v8 v8.11.5/go.mod h1:gREzHqY1hg6oD9ngVRbLStwAWKhA0FEgq8Jd4h5lpwo=
github.com/krakendio/flatmap v1.1.1 h1:rGBNVpBY0pMk6cLOwerVzoKY4HELnpu0xvqB231lOCQ=
github.com/krakendio/flatmap v1.1.1/go.mod h1:KBuVkiH5BcBFRa5A1HdSHDn8a8LzsyRTKZArX0vqTbo=
github.com/luraproject/lura/v2 v2.9.0 h1:JeqlrUz0wM4ITVHOtEaFJ5sS6TW25/lTDmMCsQUY44U=
github.com/luraproject/lura/v2 v2.9.0/go.mod h1:pJQDsCSSrE5udlzkLvUnFkdrqeQ+jDO1ZIzsx6jgLtk=
github.com/nxadm/tail v1.4.8 h1:nPr65rt6Y5JFSKQO7qToXr7pePgD6Gwiw05lkbyAQTE=
github.com/onsi/ginkgo v1.16.5 h1:8xi0RTUf59SOSfEtZMvwTvXYMzG4gV23XVHOZiXNtnE=
github.com/onsi/gomega v1.18.1 h1:M1GfJqGRrBrrGGsbxzV5dqM2U2ApXefZCQpkukxYRLE=
github.com/valyala/fastrand v1.1.0 h1:f+5HkLW4rsgzdNoleUOB69hyT9IlD2ZQh9GyDMfb5G8=
github.com/valyala/fastrand v1.1.0/go.mod h1:HWqCzkrkg6QXT8V2EXWvXCoow7vLwOFN002oeRzjapQ=
golang.org/x/net v0.33.0 h1:74SYHlV8BIgHIFC/LrYkOGIwL19eTYXQ5wc6TBuO36I=
golang.org/x/sys v0.28.0 h1:Fksou7UEQUWlKvIdsqzJmUmCX3cZuD2+P3XyyzwMhlA=
golang.org/x/text v0.21.0 h1:zyQAAkrwaneQ066sspRyJaG9VNi/YJ1NfzcGB3hZ/qo=
golang.org/x/text v0.21.0/go.mod h1:4IBbMaMmOPCJ8SecivzSH54+73PCFmPWxNTLm+vZkEQ=
gopkg.in/tomb.v1 v1.0.0-20141024135613-dd632973f1e7 h1:uRGJdciOHaEIrze2W8Q3AKkepLTh2hOroT7a+7czfdQ=
gopkg.in/yaml.v2 v2.4.0 h1:D8xgwECY7CYvx+Y2n4sBz93Jn9JRvxdiyyo8CTfuKaY=
